Microsoft Visual Studio Solution File, Format Version 12.00
# Visual Studio Version 17
VisualStudioVersion = 17.5.2.0
MinimumVisualStudioVersion = 10.0.40219.1
Project("{2150E333-8FDC-42A3-9474-1A3956D46DE8}") = "primeiroDesafio", "primeiroDesafio", "{608CA7A5-BCE0-6F3A-6F9A-32E9132F38F3}"
EndProject
Project("{FAE04EC0-301F-11D3-BF4B-00C04F79EFBC}") = "ResultadoSoma", "primeiroDesafio\ResultadoSoma\ResultadoSoma.csproj", "{A6665F2F-EAEA-A309-74CE-D6382C5175BA}"
EndProject
Global
	GlobalSection(SolutionConfigurationPlatforms) = preSolution
		Debug|Any CPU = Debug|Any CPU
		Release|Any CPU = Release|Any CPU
	EndGlobalSection
	GlobalSection(ProjectConfigurationPlatforms) = postSolution
		{A6665F2F-EAEA-A309-74CE-D6382C5175BA}.Debug|Any CPU.ActiveCfg = Debug|Any CPU
		{A6665F2F-EAEA-A309-74CE-D6382C5175BA}.Debug|Any CPU.Build.0 = Debug|Any CPU
		{A6665F2F-EAEA-A309-74CE-D6382C5175BA}.Release|Any CPU.ActiveCfg = Release|Any CPU
		{A6665F2F-EAEA-A309-74CE-D6382C5175BA}.Release|Any CPU.Build.0 = Release|Any CPU
	EndGlobalSection
	GlobalSection(SolutionProperties) = preSolution
		HideSolutionNode = FALSE
	EndGlobalSection
	GlobalSection(NestedProjects) = preSolution
		{A6665F2F-EAEA-A309-74CE-D6382C5175BA} = {608CA7A5-BCE0-6F3A-6F9A-32E9132F38F3}
	EndGlobalSection
	GlobalSection(ExtensibilityGlobals) = postSolution
		SolutionGuid = {3C68189A-820B-4BF5-B18D-83B57C4AE2EE}
	EndGlobalSection
EndGlobal
